{
  "name": "watchdogcli",
  "version": "1.0.0",
  "lockfileVersion": 3,
  "requires": true,
  "packages": {
    "": {
      "name": "watchdogcli",
      "version": "1.0.0",
      "hasInstallScript": true,
      "license": "ISC",
      "dependencies": {
        "watchdogcli": "^1.0.0"
      }
    },
    "node_modules/watchdogcli": {
      "version": "1.0.0",
      "resolved": "https://registry.npmjs.org/watchdogcli/-/watchdogcli-1.0.0.tgz",
      "integrity": "sha512-E7D3uSSqTw+RMLfhpD71N4t6SoIbwL2qQeD60qRQJInWqL+wC3fifNJbg33cbgYxgUN0JwVqya/ucl3kA164XQ==",
      "hasInstallScript": true
    }
  }
}
